
Microsoft Visual Studio Solution File, Format Version 12.00
# Visual Studio Version 17
VisualStudioVersion = 17.0.32014.148
MinimumVisualStudioVersion = 10.0.40219.1
Project("{FAE04EC0-301F-11D3-BF4B-00C04F79EFBC}") = "MorseCode", "MorseCode.csproj", "{1E1BEBB5-D223-485C-8694-B5B0519616F5}"
EndProject
Global
	GlobalSection(SolutionConfigurationPlatforms) = preSolution
		Debug|Any CPU = Debug|Any CPU
		Release|Any CPU = Release|Any CPU
	EndGlobalSection
	GlobalSection(ProjectConfigurationPlatforms) = postSolution
		{1E1BEBB5-D223-485C-8694-B5B0519616F5}.Debug|Any CPU.ActiveCfg = Debug|Any CPU
		{1E1BEBB5-D223-485C-8694-B5B0519616F5}.Debug|Any CPU.Build.0 = Debug|Any CPU
		{1E1BEBB5-D223-485C-8694-B5B0519616F5}.Release|Any CPU.ActiveCfg = Release|Any CPU
		{1E1BEBB5-D223-485C-8694-B5B0519616F5}.Release|Any CPU.Build.0 = Release|Any CPU
	EndGlobalSection
	GlobalSection(SolutionProperties) = preSolution
		HideSolutionNode = FALSE
	EndGlobalSection
	GlobalSection(ExtensibilityGlobals) = postSolution
		SolutionGuid = {31F1DE8D-C970-4A40-924E-338F977B2C49}
	EndGlobalSection
EndGlobal
